{
  "name": "dados",
  "version": "1.0.0",
  "lockfileVersion": 1,
  "dependencies": {
    "@types/jquery": {
      "version": "3.2.5",
      "resolved": "https://registry.npmjs.org/@types/jquery/-/jquery-3.2.5.tgz",
      "integrity": "sha512-7a+LyzJltNLRdLOpWr9ThtXsZgpG9XN6u4Hqi2KZwQMW6SoYSyR/6uMrgZxJ+zfS1N48/R8XKF0HAixVVjQyaQ=="
    }
  }
}
